// !$*UTF8*$!
{
	archiveVersion = 1;
	classes = {
	};
	objectVersion = 46;
	objects = {

/* Begin PBXBuildFile section */
		95AC6E371FAF18BF001E76D6 /* main.m in Sources */ = {isa = PBXBuildFile; fileRef = 95AC6E361FAF18BF001E76D6 /* main.m */; };
		95AC6E3A1FAF18BF001E76D6 /* AppDelegate.m in Sources */ = {isa = PBXBuildFile; fileRef = 95AC6E391FAF18BF001E76D6 /* AppDelegate.m */; };
		95AC6E401FAF18BF001E76D6 /* Main.storyboard in Resources */ = {isa = PBXBuildFile; fileRef = 95AC6E3E1FAF18BF001E76D6 /* Main.storyboard */; };
		95AC6E421FAF18BF001E76D6 /* Assets.xcassets in Resources */ = {isa = PBXBuildFile; fileRef = 95AC6E411FAF18BF001E76D6 /* Assets.xcassets */; };
		95AC6E451FAF18BF001E76D6 /* LaunchScreen.storyboard in Resources */ = {isa = PBXBuildFile; fileRef = 95AC6E431FAF18BF001E76D6 /* LaunchScreen.storyboard */; };
		95B38BE01FAF1C7C006BA593 /* MenuItem.m in Sources */ = {isa = PBXBuildFile; fileRef = 95B38BDF1FAF1C7C006BA593 /* MenuItem.m */; };
		95B38BE31FAF1C94006BA593 /* MenuCategory.m in Sources */ = {isa = PBXBuildFile; fileRef = 95B38BE21FAF1C94006BA593 /* MenuCategory.m */; };
		95D9A7371FAF1CF10074ACE1 /* MenuTableViewController.m in Sources */ = {isa = PBXBuildFile; fileRef = 95D9A7361FAF1CF10074ACE1 /* MenuTableViewController.m */; };
		95D9A73A1FAF30FE0074ACE1 /* CategoriesResponse.m in Sources */ = {isa = PBXBuildFile; fileRef = 95D9A7391FAF30FE0074ACE1 /* CategoriesResponse.m */; };
		95D9A73D1FAF33A20074ACE1 /* CategoryCell.m in Sources */ = {isa = PBXBuildFile; fileRef = 95D9A73C1FAF33A20074ACE1 /* CategoryCell.m */; };
		ECD6B2A533E8E500A5862590 /* libPods-Restaurant Menu.a in Frameworks */ = {isa = PBXBuildFile; fileRef = 0DC22437CF3F9F7B168581A5 /* libPods-Restaurant Menu.a */; };
/* End PBXBuildFile section */

/* Begin PBXFileReference section */
		0DC22437CF3F9F7B168581A5 /* libPods-Restaurant Menu.a */ = {isa = PBXFileReference; explicitFileType = archive.ar; includeInIndex = 0; path = "libPods-Restaurant Menu.a"; sourceTree = BUILT_PRODUCTS_DIR; };
		95AC6E321FAF18BF001E76D6 /* Restaurant Menu.app */ = {isa = PBXFileReference; explicitFileType = wrapper.application; includeInIndex = 0; path = "Restaurant Menu.app"; sourceTree = BUILT_PRODUCTS_DIR; };
		95AC6E361FAF18BF001E76D6 /* main.m */ = {isa = PBXFileReference; lastKnownFileType = sourcecode.c.objc; path = main.m; sourceTree = "<group>"; };
		95AC6E381FAF18BF001E76D6 /* AppDelegate.h */ = {isa = PBXFileReference; lastKnownFileType = sourcecode.c.h; path = AppDelegate.h; sourceTree = "<group>"; };
		95AC6E391FAF18BF001E76D6 /* AppDelegate.m */ = {isa = PBXFileReference; lastKnownFileType = sourcecode.c.objc; path = AppDelegate.m; sourceTree = "<group>"; };
		95AC6E3F1FAF18BF001E76D6 /* Base */ = {isa = PBXFileReference; lastKnownFileType = file.storyboard; name = Base; path = Base.lproj/Main.storyboard; sourceTree = "<group>"; };
		95AC6E411FAF18BF001E76D6 /* Assets.xcassets */ = {isa = PBXFileReference; lastKnownFileType = folder.assetcatalog; path = Assets.xcassets; sourceTree = "<group>"; };
		95AC6E441FAF18BF001E76D6 /* Base */ = {isa = PBXFileReference; lastKnownFileType = file.storyboard; name = Base; path = Base.lproj/LaunchScreen.storyboard; sourceTree = "<group>"; };
		95AC6E461FAF18BF001E76D6 /* Info.plist */ = {isa = PBXFileReference; lastKnownFileType = text.plist.xml; path = Info.plist; sourceTree = "<group>"; };
		95B38BDE1FAF1C7C006BA593 /* MenuItem.h */ = {isa = PBXFileReference; fileEncoding = 4; lastKnownFileType = sourcecode.c.h; path = MenuItem.h; sourceTree = "<group>"; };
		95B38BDF1FAF1C7C006BA593 /* MenuItem.m */ = {isa = PBXFileReference; fileEncoding = 4; lastKnownFileType = sourcecode.c.objc; path = MenuItem.m; sourceTree = "<group>"; };
		95B38BE11FAF1C94006BA593 /* MenuCategory.h */ = {isa = PBXFileReference; fileEncoding = 4; lastKnownFileType = sourcecode.c.h; path = MenuCategory.h; sourceTree = "<group>"; };
		95B38BE21FAF1C94006BA593 /* MenuCategory.m */ = {isa = PBXFileReference; fileEncoding = 4; lastKnownFileType = sourcecode.c.objc; path = MenuCategory.m; sourceTree = "<group>"; };
		95D9A7351FAF1CF10074ACE1 /* MenuTableViewController.h */ = {isa = PBXFileReference; fileEncoding = 4; lastKnownFileType = sourcecode.c.h; path = MenuTableViewController.h; sourceTree = "<group>"; };
		95D9A7361FAF1CF10074ACE1 /* MenuTableViewController.m */ = {isa = PBXFileReference; fileEncoding = 4; lastKnownFileType = sourcecode.c.objc; path = MenuTableViewController.m; sourceTree = "<group>"; };
		95D9A7381FAF30FE0074ACE1 /* CategoriesResponse.h */ = {isa = PBXFileReference; fileEncoding = 4; lastKnownFileType = sourcecode.c.h; path = CategoriesResponse.h; sourceTree = "<group>"; };
		95D9A7391FAF30FE0074ACE1 /* CategoriesResponse.m */ = {isa = PBXFileReference; fileEncoding = 4; lastKnownFileType = sourcecode.c.objc; path = CategoriesResponse.m; sourceTree = "<group>"; };
		95D9A73B1FAF33A20074ACE1 /* CategoryCell.h */ = {isa = PBXFileReference; fileEncoding = 4; lastKnownFileType = sourcecode.c.h; path = CategoryCell.h; sourceTree = "<group>"; };
		95D9A73C1FAF33A20074ACE1 /* CategoryCell.m */ = {isa = PBXFileReference; fileEncoding = 4; lastKnownFileType = sourcecode.c.objc; path = CategoryCell.m; sourceTree = "<group>"; };
		BFBC52C5B90CED3EC299CB81 /* Pods-Restaurant Menu.debug.xcconfig */ = {isa = PBXFileReference; includeInIndex = 1; lastKnownFileType = text.xcconfig; name = "Pods-Restaurant Menu.debug.xcconfig"; path = "Pods/Target Support Files/Pods-Restaurant Menu/Pods-Restaurant Menu.debug.xcconfig"; sourceTree = "<group>"; };
		DDBC131C1FCF26B619ACC3A1 /* Pods-Restaurant Menu.release.xcconfig */ = {isa = PBXFileReference; includeInIndex = 1; lastKnownFileType = text.xcconfig; name = "Pods-Restaurant Menu.release.xcconfig"; path = "Pods/Target Support Files/Pods-Restaurant Menu/Pods-Restaurant Menu.release.xcconfig"; sourceTree = "<group>"; };
/* End PBXFileReference section */

/* Begin PBXFrameworksBuildPhase section */
		95AC6E2F1FAF18BF001E76D6 /* Frameworks */ = {
			isa = PBXFrameworksBuildPhase;
			buildActionMask = 2147483647;
			files = (
				ECD6B2A533E8E500A5862590 /* libPods-Restaurant Menu.a in Frameworks */,
			);
			runOnlyForDeploymentPostprocessing = 0;
		};
/* End PBXFrameworksBuildPhase section */

/* Begin PBXGroup section */
		0E1DF9D07F25B6D061BA4AB5 /* Frameworks */ = {
			isa = PBXGroup;
			children = (
				0DC22437CF3F9F7B168581A5 /* libPods-Restaurant Menu.a */,
			);
			name = Frameworks;
			sourceTree = "<group>";
		};
		95AC6E291FAF18BF001E76D6 = {
			isa = PBXGroup;
			children = (
				95AC6E341FAF18BF001E76D6 /* Restaurant Menu */,
				95AC6E331FAF18BF001E76D6 /* Products */,
				FEED44C5CD00C8ABB02DFBE6 /* Pods */,
				0E1DF9D07F25B6D061BA4AB5 /* Frameworks */,
			);
			sourceTree = "<group>";
		};
		95AC6E331FAF18BF001E76D6 /* Products */ = {
			isa = PBXGroup;
			children = (
				95AC6E321FAF18BF001E76D6 /* Restaurant Menu.app */,
			);
			name = Products;
			sourceTree = "<group>";
		};
		95AC6E341FAF18BF001E76D6 /* Restaurant Menu */ = {
			isa = PBXGroup;
			children = (
				95AC6E381FAF18BF001E76D6 /* AppDelegate.h */,
				95AC6E391FAF18BF001E76D6 /* AppDelegate.m */,
				95B38BD71FAF1BCF006BA593 /* Menu */,
				95B38BD61FAF1BB9006BA593 /* Assets */,
				95AC6E351FAF18BF001E76D6 /* Supporting Files */,
			);
			path = "Restaurant Menu";
			sourceTree = "<group>";
		};
		95AC6E351FAF18BF001E76D6 /* Supporting Files */ = {
			isa = PBXGroup;
			children = (
				95AC6E361FAF18BF001E76D6 /* main.m */,
			);
			name = "Supporting Files";
			sourceTree = "<group>";
		};
		95B38BD61FAF1BB9006BA593 /* Assets */ = {
			isa = PBXGroup;
			children = (
				95AC6E411FAF18BF001E76D6 /* Assets.xcassets */,
				95AC6E431FAF18BF001E76D6 /* LaunchScreen.storyboard */,
				95AC6E461FAF18BF001E76D6 /* Info.plist */,
			);
			name = Assets;
			sourceTree = "<group>";
		};
		95B38BD71FAF1BCF006BA593 /* Menu */ = {
			isa = PBXGroup;
			children = (
				95B38BDA1FAF1BF4006BA593 /* Controller */,
				95B38BD91FAF1BEE006BA593 /* Model */,
				95B38BD81FAF1BE0006BA593 /* View */,
			);
			name = Menu;
			sourceTree = "<group>";
		};
		95B38BD81FAF1BE0006BA593 /* View */ = {
			isa = PBXGroup;
			children = (
				95AC6E3E1FAF18BF001E76D6 /* Main.storyboard */,
			);
			name = View;
			sourceTree = "<group>";
		};
		95B38BD91FAF1BEE006BA593 /* Model */ = {
			isa = PBXGroup;
			children = (
				95D9A7381FAF30FE0074ACE1 /* CategoriesResponse.h */,
				95D9A7391FAF30FE0074ACE1 /* CategoriesResponse.m */,
				95B38BE11FAF1C94006BA593 /* MenuCategory.h */,
				95B38BE21FAF1C94006BA593 /* MenuCategory.m */,
				95B38BDE1FAF1C7C006BA593 /* MenuItem.h */,
				95B38BDF1FAF1C7C006BA593 /* MenuItem.m */,
			);
			name = Model;
			sourceTree = "<group>";
		};
		95B38BDA1FAF1BF4006BA593 /* Controller */ = {
			isa = PBXGroup;
			children = (
				95D9A7351FAF1CF10074ACE1 /* MenuTableViewController.h */,
				95D9A7361FAF1CF10074ACE1 /* MenuTableViewController.m */,
				95D9A73B1FAF33A20074ACE1 /* CategoryCell.h */,
				95D9A73C1FAF33A20074ACE1 /* CategoryCell.m */,
			);
			name = Controller;
			sourceTree = "<group>";
		};
		FEED44C5CD00C8ABB02DFBE6 /* Pods */ = {
			isa = PBXGroup;
			children = (
				BFBC52C5B90CED3EC299CB81 /* Pods-Restaurant Menu.debug.xcconfig */,
				DDBC131C1FCF26B619ACC3A1 /* Pods-Restaurant Menu.release.xcconfig */,
			);
			name = Pods;
			sourceTree = "<group>";
		};
/* End PBXGroup section */

/* Begin PBXNativeTarget section */
		95AC6E311FAF18BF001E76D6 /* Restaurant Menu */ = {
			isa = PBXNativeTarget;
			buildConfigurationList = 95AC6E491FAF18BF001E76D6 /* Build configuration list for PBXNativeTarget "Restaurant Menu" */;
			buildPhases = (
				87EB38D63E9D8A6B1356DD5C /* [CP] Check Pods Manifest.lock */,
				95AC6E2E1FAF18BF001E76D6 /* Sources */,
				95AC6E2F1FAF18BF001E76D6 /* Frameworks */,
				95AC6E301FAF18BF001E76D6 /* Resources */,
				228846F29AC03D361C166B00 /* [CP] Embed Pods Frameworks */,
				F9DC509A40D460157CEFE7DD /* [CP] Copy Pods Resources */,
			);
			buildRules = (
			);
			dependencies = (
			);
			name = "Restaurant Menu";
			productName = "Restaurant Menu";
			productReference = 95AC6E321FAF18BF001E76D6 /* Restaurant Menu.app */;
			productType = "com.apple.product-type.application";
		};
/* End PBXNativeTarget section */

/* Begin PBXProject section */
		95AC6E2A1FAF18BF001E76D6 /* Project object */ = {
			isa = PBXProject;
			attributes = {
				LastUpgradeCheck = 0830;
				ORGANIZATIONNAME = Shaker;
				TargetAttributes = {
					95AC6E311FAF18BF001E76D6 = {
						CreatedOnToolsVersion = 8.3.3;
						ProvisioningStyle = Automatic;
					};
				};
			};
			buildConfigurationList = 95AC6E2D1FAF18BF001E76D6 /* Build configuration list for PBXProject "Restaurant Menu" */;
			compatibilityVersion = "Xcode 3.2";
			developmentRegion = English;
			hasScannedForEncodings = 0;
			knownRegions = (
				en,
				Base,
			);
			mainGroup = 95AC6E291FAF18BF001E76D6;
			productRefGroup = 95AC6E331FAF18BF001E76D6 /* Products */;
			projectDirPath = "";
			projectRoot = "";
			targets = (
				95AC6E311FAF18BF001E76D6 /* Restaurant Menu */,
			);
		};
/* End PBXProject section */

/* Begin PBXResourcesBuildPhase section */
		95AC6E301FAF18BF001E76D6 /* Resources */ = {
			isa = PBXResourcesBuildPhase;
			buildActionMask = 2147483647;
			files = (
				95AC6E451FAF18BF001E76D6 /* LaunchScreen.storyboard in Resources */,
				95AC6E421FAF18BF001E76D6 /* Assets.xcassets in Resources */,
				95AC6E401FAF18BF001E76D6 /* Main.storyboard in Resources */,
			);
			runOnlyForDeploymentPostprocessing = 0;
		};
/* End PBXResourcesBuildPhase section */

/* Begin PBXShellScriptBuildPhase section */
		228846F29AC03D361C166B00 /* [CP] Embed Pods Frameworks */ = {
			isa = PBXShellScriptBuildPhase;
			buildActionMask = 2147483647;
			files = (
			);
			inputPaths = (
				"${SRCROOT}/Pods/Target Support Files/Pods-Restaurant Menu/Pods-Restaurant Menu-frameworks.sh",
				"${BUILT_PRODUCTS_DIR}/AFNetworking/AFNetworking.framework",
				"${BUILT_PRODUCTS_DIR}/JSONModel/JSONModel.framework",
				"${BUILT_PRODUCTS_DIR}/SDWebImage/SDWebImage.framework",
				"${BUILT_PRODUCTS_DIR}/SVProgressHUD/SVProgressHUD.framework",
				"${BUILT_PRODUCTS_DIR}/YNExpandableCell/YNExpandableCell.framework",
			);
			name = "[CP] Embed Pods Frameworks";
			outputPaths = (
				"${TARGET_BUILD_DIR}/${FRAMEWORKS_FOLDER_PATH}/AFNetworking.framework",
				"${TARGET_BUILD_DIR}/${FRAMEWORKS_FOLDER_PATH}/JSONModel.framework",
				"${TARGET_BUILD_DIR}/${FRAMEWORKS_FOLDER_PATH}/SDWebImage.framework",
				"${TARGET_BUILD_DIR}/${FRAMEWORKS_FOLDER_PATH}/SVProgressHUD.framework",
				"${TARGET_BUILD_DIR}/${FRAMEWORKS_FOLDER_PATH}/YNExpandableCell.framework",
			);
			runOnlyForDeploymentPostprocessing = 0;
			shellPath = /bin/sh;
			shellScript = "\"${SRCROOT}/Pods/Target Support Files/Pods-Restaurant Menu/Pods-Restaurant Menu-frameworks.sh\"\n";
			showEnvVarsInLog = 0;
		};
		87EB38D63E9D8A6B1356DD5C /* [CP] Check Pods Manifest.lock */ = {
			isa = PBXShellScriptBuildPhase;
			buildActionMask = 2147483647;
			files = (
			);
			inputPaths = (
				"${PODS_PODFILE_DIR_PATH}/Podfile.lock",
				"${PODS_ROOT}/Manifest.lock",
			);
			name = "[CP] Check Pods Manifest.lock";
			outputPaths = (
				"$(DERIVED_FILE_DIR)/Pods-Restaurant Menu-checkManifestLockResult.txt",
			);
			runOnlyForDeploymentPostprocessing = 0;
			shellPath = /bin/sh;
			shellScript = "diff \"${PODS_PODFILE_DIR_PATH}/Podfile.lock\" \"${PODS_ROOT}/Manifest.lock\" > /dev/null\nif [ $? != 0 ] ; then\n    # print error to STDERR\n    echo \"error: The sandbox is not in sync with the Podfile.lock. Run 'pod install' or update your CocoaPods installation.\" >&2\n    exit 1\nfi\n# This output is used by Xcode 'outputs' to avoid re-running this script phase.\necho \"SUCCESS\" > \"${SCRIPT_OUTPUT_FILE_0}\"\n";
			showEnvVarsInLog = 0;
		};
		F9DC509A40D460157CEFE7DD /* [CP] Copy Pods Resources */ = {
			isa = PBXShellScriptBuildPhase;
			buildActionMask = 2147483647;
			files = (
			);
			inputPaths = (
				"${SRCROOT}/Pods/Target Support Files/Pods-Restaurant Menu/Pods-Restaurant Menu-resources.sh",
				"${PODS_ROOT}/SVProgressHUD/SVProgressHUD/SVProgressHUD.bundle",
			);
			name = "[CP] Copy Pods Resources";
			outputPaths = (
				"${TARGET_BUILD_DIR}/${UNLOCALIZED_RESOURCES_FOLDER_PATH}",
			);
			runOnlyForDeploymentPostprocessing = 0;
			shellPath = /bin/sh;
			shellScript = "\"${SRCROOT}/Pods/Target Support Files/Pods-Restaurant Menu/Pods-Restaurant Menu-resources.sh\"\n";
			showEnvVarsInLog = 0;
		};
/* End PBXShellScriptBuildPhase section */

/* Begin PBXSourcesBuildPhase section */
		95AC6E2E1FAF18BF001E76D6 /* Sources */ = {
			isa = PBXSourcesBuildPhase;
			buildActionMask = 2147483647;
			files = (
				95D9A73A1FAF30FE0074ACE1 /* CategoriesResponse.m in Sources */,
				95B38BE31FAF1C94006BA593 /* MenuCategory.m in Sources */,
				95D9A73D1FAF33A20074ACE1 /* CategoryCell.m in Sources */,
				95AC6E3A1FAF18BF001E76D6 /* AppDelegate.m in Sources */,
				95B38BE01FAF1C7C006BA593 /* MenuItem.m in Sources */,
				95AC6E371FAF18BF001E76D6 /* main.m in Sources */,
				95D9A7371FAF1CF10074ACE1 /* MenuTableViewController.m in Sources */,
			);
			runOnlyForDeploymentPostprocessing = 0;
		};
/* End PBXSourcesBuildPhase section */

/* Begin PBXVariantGroup section */
		95AC6E3E1FAF18BF001E76D6 /* Main.storyboard */ = {
			isa = PBXVariantGroup;
			children = (
				95AC6E3F1FAF18BF001E76D6 /* Base */,
			);
			name = Main.storyboard;
			sourceTree = "<group>";
		};
		95AC6E431FAF18BF001E76D6 /* LaunchScreen.storyboard */ = {
			isa = PBXVariantGroup;
			children = (
				95AC6E441FAF18BF001E76D6 /* Base */,
			);
			name = LaunchScreen.storyboard;
			sourceTree = "<group>";
		};
/* End PBXVariantGroup section */

/* Begin XCBuildConfiguration section */
		95AC6E471FAF18BF001E76D6 /* Debug */ = {
			isa = XCBuildConfiguration;
			buildSettings = {
				ALWAYS_SEARCH_USER_PATHS = NO;
				CLANG_ANALYZER_NONNULL = YES;
				CLANG_ANALYZER_NUMBER_OBJECT_CONVERSION = YES_AGGRESSIVE;
				CLANG_CXX_LANGUAGE_STANDARD = "gnu++0x";
				CLANG_CXX_LIBRARY = "libc++";
				CLANG_ENABLE_MODULES = YES;
				CLANG_ENABLE_OBJC_ARC = YES;
				CLANG_WARN_BOOL_CONVERSION = YES;
				CLANG_WARN_CONSTANT_CONVERSION = YES;
				CLANG_WARN_DIRECT_OBJC_ISA_USAGE = YES_ERROR;
				CLANG_WARN_DOCUMENTATION_COMMENTS = YES;
				CLANG_WARN_EMPTY_BODY = YES;
				CLANG_WARN_ENUM_CONVERSION = YES;
				CLANG_WARN_INFINITE_RECURSION = YES;
				CLANG_WARN_INT_CONVERSION = YES;
				CLANG_WARN_OBJC_ROOT_CLASS = YES_ERROR;
				CLANG_WARN_SUSPICIOUS_MOVE = YES;
				CLANG_WARN_UNREACHABLE_CODE = YES;
				CLANG_WARN__DUPLICATE_METHOD_MATCH = YES;
				"CODE_SIGN_IDENTITY[sdk=iphoneos*]" = "iPhone Developer";
				COPY_PHASE_STRIP = NO;
				DEBUG_INFORMATION_FORMAT = dwarf;
				ENABLE_STRICT_OBJC_MSGSEND = YES;
				ENABLE_TESTABILITY = YES;
				GCC_C_LANGUAGE_STANDARD = gnu99;
				GCC_DYNAMIC_NO_PIC = NO;
				GCC_NO_COMMON_BLOCKS = YES;
				GCC_OPTIMIZATION_LEVEL = 0;
				GCC_PREPROCESSOR_DEFINITIONS = (
					"DEBUG=1",
					"$(inherited)",
				);
				GCC_WARN_64_TO_32_BIT_CONVERSION = YES;
				GCC_WARN_ABOUT_RETURN_TYPE = YES_ERROR;
				GCC_WARN_UNDECLARED_SELECTOR = YES;
				GCC_WARN_UNINITIALIZED_AUTOS = YES_AGGRESSIVE;
				GCC_WARN_UNUSED_FUNCTION = YES;
				GCC_WARN_UNUSED_VARIABLE = YES;
				IPHONEOS_DEPLOYMENT_TARGET = 10.3;
				MTL_ENABLE_DEBUG_INFO = YES;
				ONLY_ACTIVE_ARCH = YES;
				SDKROOT = iphoneos;
			};
			name = Debug;
		};
		95AC6E481FAF18BF001E76D6 /* Release */ = {
			isa = XCBuildConfiguration;
			buildSettings = {
				ALWAYS_SEARCH_USER_PATHS = NO;
				CLANG_ANALYZER_NONNULL = YES;
				CLANG_ANALYZER_NUMBER_OBJECT_CONVERSION = YES_AGGRESSIVE;
				CLANG_CXX_LANGUAGE_STANDARD = "gnu++0x";
				CLANG_CXX_LIBRARY = "libc++";
				CLANG_ENABLE_MODULES = YES;
				CLANG_ENABLE_OBJC_ARC = YES;
				CLANG_WARN_BOOL_CONVERSION = YES;
				CLANG_WARN_CONSTANT_CONVERSION = YES;
				CLANG_WARN_DIRECT_OBJC_ISA_USAGE = YES_ERROR;
				CLANG_WARN_DOCUMENTATION_COMMENTS = YES;
				CLANG_WARN_EMPTY_BODY = YES;
				CLANG_WARN_ENUM_CONVERSION = YES;
				CLANG_WARN_INFINITE_RECURSION = YES;
				CLANG_WARN_INT_CONVERSION = YES;
				CLANG_WARN_OBJC_ROOT_CLASS = YES_ERROR;
				CLANG_WARN_SUSPICIOUS_MOVE = YES;
				CLANG_WARN_UNREACHABLE_CODE = YES;
				CLANG_WARN__DUPLICATE_METHOD_MATCH = YES;
				"CODE_SIGN_IDENTITY[sdk=iphoneos*]" = "iPhone Developer";
				COPY_PHASE_STRIP = NO;
				DEBUG_INFORMATION_FORMAT = "dwarf-with-dsym";
				ENABLE_NS_ASSERTIONS = NO;
				ENABLE_STRICT_OBJC_MSGSEND = YES;
				GCC_C_LANGUAGE_STANDARD = gnu99;
				GCC_NO_COMMON_BLOCKS = YES;
				GCC_WARN_64_TO_32_BIT_CONVERSION = YES;
				GCC_WARN_ABOUT_RETURN_TYPE = YES_ERROR;
				GCC_WARN_UNDECLARED_SELECTOR = YES;
				GCC_WARN_UNINITIALIZED_AUTOS = YES_AGGRESSIVE;
				GCC_WARN_UNUSED_FUNCTION = YES;
				GCC_WARN_UNUSED_VARIABLE = YES;
				IPHONEOS_DEPLOYMENT_TARGET = 10.3;
				MTL_ENABLE_DEBUG_INFO = NO;
				SDKROOT = iphoneos;
				VALIDATE_PRODUCT = YES;
			};
			name = Release;
		};
		95AC6E4A1FAF18BF001E76D6 /* Debug */ = {
			isa = XCBuildConfiguration;
			baseConfigurationReference = BFBC52C5B90CED3EC299CB81 /* Pods-Restaurant Menu.debug.xcconfig */;
			buildSettings = {
				ASSETCATALOG_COMPILER_APPICON_NAME = AppIcon;
				INFOPLIST_FILE = "Restaurant Menu/Info.plist";
				LD_RUNPATH_SEARCH_PATHS = "$(inherited) @executable_path/Frameworks";
				PRODUCT_BUNDLE_IDENTIFIER = "ms.Restaurant-Menu";
				PRODUCT_NAME = "$(TARGET_NAME)";
			};
			name = Debug;
		};
		95AC6E4B1FAF18BF001E76D6 /* Release */ = {
			isa = XCBuildConfiguration;
			baseConfigurationReference = DDBC131C1FCF26B619ACC3A1 /* Pods-Restaurant Menu.release.xcconfig */;
			buildSettings = {
				ASSETCATALOG_COMPILER_APPICON_NAME = AppIcon;
				INFOPLIST_FILE = "Restaurant Menu/Info.plist";
				LD_RUNPATH_SEARCH_PATHS = "$(inherited) @executable_path/Frameworks";
				PRODUCT_BUNDLE_IDENTIFIER = "ms.Restaurant-Menu";
				PRODUCT_NAME = "$(TARGET_NAME)";
			};
			name = Release;
		};
/* End XCBuildConfiguration section */

/* Begin XCConfigurationList section */
		95AC6E2D1FAF18BF001E76D6 /* Build configuration list for PBXProject "Restaurant Menu" */ = {
			isa = XCConfigurationList;
			buildConfigurations = (
				95AC6E471FAF18BF001E76D6 /* Debug */,
				95AC6E481FAF18BF001E76D6 /* Release */,
			);
			defaultConfigurationIsVisible = 0;
			defaultConfigurationName = Release;
		};
		95AC6E491FAF18BF001E76D6 /* Build configuration list for PBXNativeTarget "Restaurant Menu" */ = {
			isa = XCConfigurationList;
			buildConfigurations = (
				95AC6E4A1FAF18BF001E76D6 /* Debug */,
				95AC6E4B1FAF18BF001E76D6 /* Release */,
			);
			defaultConfigurationIsVisible = 0;
			defaultConfigurationName = Release;
		};
/* End XCConfigurationList section */
	};
	rootObject = 95AC6E2A1FAF18BF001E76D6 /* Project object */;
}
